// !$*UTF8*$!
{
	archiveVersion = 1;
	classes = {
	};
	objectVersion = 55;
	objects = {

/* Begin PBXBuildFile section */
		6D81BFDA2808654100031BD1 /* ChangePasswordViewController.swift in Sources */ = {isa = PBXBuildFile; fileRef = 6D81BFD92808654100031BD1 /* ChangePasswordViewController.swift */; };
		6D81BFDC2808658D00031BD1 /* ExitTableViewCell.swift in Sources */ = {isa = PBXBuildFile; fileRef = 6D81BFDB2808658D00031BD1 /* ExitTableViewCell.swift */; };
		6D81BFDE280865AE00031BD1 /* IconTableViewCell.swift in Sources */ = {isa = PBXBuildFile; fileRef = 6D81BFDD280865AE00031BD1 /* IconTableViewCell.swift */; };
		6D81BFE0280865D000031BD1 /* SwitchTableViewCell.swift in Sources */ = {isa = PBXBuildFile; fileRef = 6D81BFDF280865D000031BD1 /* SwitchTableViewCell.swift */; };
		6D87F272280862C400022123 /* AppDelegate.swift in Sources */ = {isa = PBXBuildFile; fileRef = 6D87F271280862C400022123 /* AppDelegate.swift */; };
		6D87F274280862C400022123 /* SceneDelegate.swift in Sources */ = {isa = PBXBuildFile; fileRef = 6D87F273280862C400022123 /* SceneDelegate.swift */; };
		6D87F276280862C400022123 /* SettingsViewController.swift in Sources */ = {isa = PBXBuildFile; fileRef = 6D87F275280862C400022123 /* SettingsViewController.swift */; };
		6D87F27B280862C900022123 /* Assets.xcassets in Resources */ = {isa = PBXBuildFile; fileRef = 6D87F27A280862C900022123 /* Assets.xcassets */; };
		6D87F27E280862C900022123 /* LaunchScreen.storyboard in Resources */ = {isa = PBXBuildFile; fileRef = 6D87F27C280862C900022123 /* LaunchScreen.storyboard */; };
		F302221856579CB29AAFC5D5 /* Pods_profile_acc.framework in Frameworks */ = {isa = PBXBuildFile; fileRef = 4BB58DFFB4E3D06E4FA76ADC /* Pods_profile_acc.framework */; };
/* End PBXBuildFile section */

/* Begin PBXFileReference section */
		4BB58DFFB4E3D06E4FA76ADC /* Pods_profile_acc.framework */ = {isa = PBXFileReference; explicitFileType = wrapper.framework; includeInIndex = 0; path = Pods_profile_acc.framework; sourceTree = BUILT_PRODUCTS_DIR; };
		6D81BFD92808654100031BD1 /* ChangePasswordViewController.swift */ = {isa = PBXFileReference; lastKnownFileType = sourcecode.swift; path = ChangePasswordViewController.swift; sourceTree = "<group>"; };
		6D81BFDB2808658D00031BD1 /* ExitTableViewCell.swift */ = {isa = PBXFileReference; lastKnownFileType = sourcecode.swift; path = ExitTableViewCell.swift; sourceTree = "<group>"; };
		6D81BFDD280865AE00031BD1 /* IconTableViewCell.swift */ = {isa = PBXFileReference; lastKnownFileType = sourcecode.swift; path = IconTableViewCell.swift; sourceTree = "<group>"; };
		6D81BFDF280865D000031BD1 /* SwitchTableViewCell.swift */ = {isa = PBXFileReference; lastKnownFileType = sourcecode.swift; path = SwitchTableViewCell.swift; sourceTree = "<group>"; };
		6D87F26E280862C400022123 /* profile-acc.app */ = {isa = PBXFileReference; explicitFileType = wrapper.application; includeInIndex = 0; path = "profile-acc.app"; sourceTree = BUILT_PRODUCTS_DIR; };
		6D87F271280862C400022123 /* AppDelegate.swift */ = {isa = PBXFileReference; lastKnownFileType = sourcecode.swift; path = AppDelegate.swift; sourceTree = "<group>"; };
		6D87F273280862C400022123 /* SceneDelegate.swift */ = {isa = PBXFileReference; lastKnownFileType = sourcecode.swift; path = SceneDelegate.swift; sourceTree = "<group>"; };
		6D87F275280862C400022123 /* SettingsViewController.swift */ = {isa = PBXFileReference; lastKnownFileType = sourcecode.swift; path = SettingsViewController.swift; sourceTree = "<group>"; };
		6D87F27A280862C900022123 /* Assets.xcassets */ = {isa = PBXFileReference; lastKnownFileType = folder.assetcatalog; path = Assets.xcassets; sourceTree = "<group>"; };
		6D87F27D280862C900022123 /* Base */ = {isa = PBXFileReference; lastKnownFileType = file.storyboard; name = Base; path = Base.lproj/LaunchScreen.storyboard; sourceTree = "<group>"; };
		6D87F27F280862C900022123 /* Info.plist */ = {isa = PBXFileReference; lastKnownFileType = text.plist.xml; path = Info.plist; sourceTree = "<group>"; };
		C3DA31508B4F5ACCAE3EFFDE /* Pods-profile-acc.release.xcconfig */ = {isa = PBXFileReference; includeInIndex = 1; lastKnownFileType = text.xcconfig; name = "Pods-profile-acc.release.xcconfig"; path = "Target Support Files/Pods-profile-acc/Pods-profile-acc.release.xcconfig"; sourceTree = "<group>"; };
		E1FF9924E70D9B8711F12381 /* Pods-profile-acc.debug.xcconfig */ = {isa = PBXFileReference; includeInIndex = 1; lastKnownFileType = text.xcconfig; name = "Pods-profile-acc.debug.xcconfig"; path = "Target Support Files/Pods-profile-acc/Pods-profile-acc.debug.xcconfig"; sourceTree = "<group>"; };
/* End PBXFileReference section */

/* Begin PBXFrameworksBuildPhase section */
		6D87F26B280862C400022123 /* Frameworks */ = {
			isa = PBXFrameworksBuildPhase;
			buildActionMask = 2147483647;
			files = (
				F302221856579CB29AAFC5D5 /* Pods_profile_acc.framework in Frameworks */,
			);
			runOnlyForDeploymentPostprocessing = 0;
		};
/* End PBXFrameworksBuildPhase section */

/* Begin PBXGroup section */
		6D81BFE1280866C700031BD1 /* Resoures */ = {
			isa = PBXGroup;
			children = (
				6D87F273280862C400022123 /* SceneDelegate.swift */,
				6D87F271280862C400022123 /* AppDelegate.swift */,
			);
			path = Resoures;
			sourceTree = "<group>";
		};
		6D81BFE2280866D800031BD1 /* ViewControllers */ = {
			isa = PBXGroup;
			children = (
				6D81BFD92808654100031BD1 /* ChangePasswordViewController.swift */,
				6D87F275280862C400022123 /* SettingsViewController.swift */,
			);
			path = ViewControllers;
			sourceTree = "<group>";
		};
		6D81BFE32808670A00031BD1 /* TableViewCells */ = {
			isa = PBXGroup;
			children = (
				6D81BFDD280865AE00031BD1 /* IconTableViewCell.swift */,
				6D81BFDB2808658D00031BD1 /* ExitTableViewCell.swift */,
				6D81BFDF280865D000031BD1 /* SwitchTableViewCell.swift */,
			);
			path = TableViewCells;
			sourceTree = "<group>";
		};
		6D87F265280862C400022123 = {
			isa = PBXGroup;
			children = (
				6D87F270280862C400022123 /* profile-acc */,
				6D87F26F280862C400022123 /* Products */,
				E9B3CD67E3C9EAE65DF3A80B /* Pods */,
				7E52E2FFAA194D46511441BC /* Frameworks */,
			);
			sourceTree = "<group>";
		};
		6D87F26F280862C400022123 /* Products */ = {
			isa = PBXGroup;
			children = (
				6D87F26E280862C400022123 /* profile-acc.app */,
			);
			name = Products;
			sourceTree = "<group>";
		};
		6D87F270280862C400022123 /* profile-acc */ = {
			isa = PBXGroup;
			children = (
				6D81BFE32808670A00031BD1 /* TableViewCells */,
				6D81BFE2280866D800031BD1 /* ViewControllers */,
				6D81BFE1280866C700031BD1 /* Resoures */,
				6D87F27A280862C900022123 /* Assets.xcassets */,
				6D87F27C280862C900022123 /* LaunchScreen.storyboard */,
				6D87F27F280862C900022123 /* Info.plist */,
			);
			path = "profile-acc";
			sourceTree = "<group>";
		};
		7E52E2FFAA194D46511441BC /* Frameworks */ = {
			isa = PBXGroup;
			children = (
				4BB58DFFB4E3D06E4FA76ADC /* Pods_profile_acc.framework */,
			);
			name = Frameworks;
			sourceTree = "<group>";
		};
		E9B3CD67E3C9EAE65DF3A80B /* Pods */ = {
			isa = PBXGroup;
			children = (
				E1FF9924E70D9B8711F12381 /* Pods-profile-acc.debug.xcconfig */,
				C3DA31508B4F5ACCAE3EFFDE /* Pods-profile-acc.release.xcconfig */,
			);
			path = Pods;
			sourceTree = "<group>";
		};
/* End PBXGroup section */

/* Begin PBXNativeTarget section */
		6D87F26D280862C400022123 /* profile-acc */ = {
			isa = PBXNativeTarget;
			buildConfigurationList = 6D87F282280862C900022123 /* Build configuration list for PBXNativeTarget "profile-acc" */;
			buildPhases = (
				249797F346BCE8F6C8F85FA7 /* [CP] Check Pods Manifest.lock */,
				6D87F26A280862C400022123 /* Sources */,
				6D87F26B280862C400022123 /* Frameworks */,
				6D87F26C280862C400022123 /* Resources */,
				522D1830DCDEB2FBFC79230A /* [CP] Embed Pods Frameworks */,
			);
			buildRules = (
			);
			dependencies = (
			);
			name = "profile-acc";
			productName = "profile-acc";
			productReference = 6D87F26E280862C400022123 /* profile-acc.app */;
			productType = "com.apple.product-type.application";
		};
/* End PBXNativeTarget section */

/* Begin PBXProject section */
		6D87F266280862C400022123 /* Project object */ = {
			isa = PBXProject;
			attributes = {
				BuildIndependentTargetsInParallel = 1;
				LastSwiftUpdateCheck = 1330;
				LastUpgradeCheck = 1330;
				TargetAttributes = {
					6D87F26D280862C400022123 = {
						CreatedOnToolsVersion = 13.3;
					};
				};
			};
			buildConfigurationList = 6D87F269280862C400022123 /* Build configuration list for PBXProject "profile-acc" */;
			compatibilityVersion = "Xcode 13.0";
			developmentRegion = en;
			hasScannedForEncodings = 0;
			knownRegions = (
				en,
				Base,
			);
			mainGroup = 6D87F265280862C400022123;
			productRefGroup = 6D87F26F280862C400022123 /* Products */;
			projectDirPath = "";
			projectRoot = "";
			targets = (
				6D87F26D280862C400022123 /* profile-acc */,
			);
		};
/* End PBXProject section */

/* Begin PBXResourcesBuildPhase section */
		6D87F26C280862C400022123 /* Resources */ = {
			isa = PBXResourcesBuildPhase;
			buildActionMask = 2147483647;
			files = (
				6D87F27E280862C900022123 /* LaunchScreen.storyboard in Resources */,
				6D87F27B280862C900022123 /* Assets.xcassets in Resources */,
			);
			runOnlyForDeploymentPostprocessing = 0;
		};
/* End PBXResourcesBuildPhase section */

/* Begin PBXShellScriptBuildPhase section */
		249797F346BCE8F6C8F85FA7 /* [CP] Check Pods Manifest.lock */ = {
			isa = PBXShellScriptBuildPhase;
			buildActionMask = 2147483647;
			files = (
			);
			inputFileListPaths = (
			);
			inputPaths = (
				"${PODS_PODFILE_DIR_PATH}/Podfile.lock",
				"${PODS_ROOT}/Manifest.lock",
			);
			name = "[CP] Check Pods Manifest.lock";
			outputFileListPaths = (
			);
			outputPaths = (
				"$(DERIVED_FILE_DIR)/Pods-profile-acc-checkManifestLockResult.txt",
			);
			runOnlyForDeploymentPostprocessing = 0;
			shellPath = /bin/sh;
			shellScript = "diff \"${PODS_PODFILE_DIR_PATH}/Podfile.lock\" \"${PODS_ROOT}/Manifest.lock\" > /dev/null\nif [ $? != 0 ] ; then\n    # print error to STDERR\n    echo \"error: The sandbox is not in sync with the Podfile.lock. Run 'pod install' or update your CocoaPods installation.\" >&2\n    exit 1\nfi\n# This output is used by Xcode 'outputs' to avoid re-running this script phase.\necho \"SUCCESS\" > \"${SCRIPT_OUTPUT_FILE_0}\"\n";
			showEnvVarsInLog = 0;
		};
		522D1830DCDEB2FBFC79230A /* [CP] Embed Pods Frameworks */ = {
			isa = PBXShellScriptBuildPhase;
			buildActionMask = 2147483647;
			files = (
			);
			inputFileListPaths = (
				"${PODS_ROOT}/Target Support Files/Pods-profile-acc/Pods-profile-acc-frameworks-${CONFIGURATION}-input-files.xcfilelist",
			);
			name = "[CP] Embed Pods Frameworks";
			outputFileListPaths = (
				"${PODS_ROOT}/Target Support Files/Pods-profile-acc/Pods-profile-acc-frameworks-${CONFIGURATION}-output-files.xcfilelist",
			);
			runOnlyForDeploymentPostprocessing = 0;
			shellPath = /bin/sh;
			shellScript = "\"${PODS_ROOT}/Target Support Files/Pods-profile-acc/Pods-profile-acc-frameworks.sh\"\n";
			showEnvVarsInLog = 0;
		};
/* End PBXShellScriptBuildPhase section */

/* Begin PBXSourcesBuildPhase section */
		6D87F26A280862C400022123 /* Sources */ = {
			isa = PBXSourcesBuildPhase;
			buildActionMask = 2147483647;
			files = (
				6D87F276280862C400022123 /* SettingsViewController.swift in Sources */,
				6D81BFDA2808654100031BD1 /* ChangePasswordViewController.swift in Sources */,
				6D81BFE0280865D000031BD1 /* SwitchTableViewCell.swift in Sources */,
				6D81BFDE280865AE00031BD1 /* IconTableViewCell.swift in Sources */,
				6D81BFDC2808658D00031BD1 /* ExitTableViewCell.swift in Sources */,
				6D87F272280862C400022123 /* AppDelegate.swift in Sources */,
				6D87F274280862C400022123 /* SceneDelegate.swift in Sources */,
			);
			runOnlyForDeploymentPostprocessing = 0;
		};
/* End PBXSourcesBuildPhase section */

/* Begin PBXVariantGroup section */
		6D87F27C280862C900022123 /* LaunchScreen.storyboard */ = {
			isa = PBXVariantGroup;
			children = (
				6D87F27D280862C900022123 /* Base */,
			);
			name = LaunchScreen.storyboard;
			sourceTree = "<group>";
		};
/* End PBXVariantGroup section */

/* Begin XCBuildConfiguration section */
		6D87F280280862C900022123 /* Debug */ = {
			isa = XCBuildConfiguration;
			buildSettings = {
				ALWAYS_SEARCH_USER_PATHS = NO;
				CLANG_ANALYZER_NONNULL = YES;
				CLANG_ANALYZER_NUMBER_OBJECT_CONVERSION = YES_AGGRESSIVE;
				CLANG_CXX_LANGUAGE_STANDARD = "gnu++17";
				CLANG_ENABLE_MODULES = YES;
				CLANG_ENABLE_OBJC_ARC = YES;
				CLANG_ENABLE_OBJC_WEAK = YES;
				CLANG_WARN_BLOCK_CAPTURE_AUTORELEASING = YES;
				CLANG_WARN_BOOL_CONVERSION = YES;
				CLANG_WARN_COMMA = YES;
				CLANG_WARN_CONSTANT_CONVERSION = YES;
				CLANG_WARN_DEPRECATED_OBJC_IMPLEMENTATIONS = YES;
				CLANG_WARN_DIRECT_OBJC_ISA_USAGE = YES_ERROR;
				CLANG_WARN_DOCUMENTATION_COMMENTS = YES;
				CLANG_WARN_EMPTY_BODY = YES;
				CLANG_WARN_ENUM_CONVERSION = YES;
				CLANG_WARN_INFINITE_RECURSION = YES;
				CLANG_WARN_INT_CONVERSION = YES;
				CLANG_WARN_NON_LITERAL_NULL_CONVERSION = YES;
				CLANG_WARN_OBJC_IMPLICIT_RETAIN_SELF = YES;
				CLANG_WARN_OBJC_LITERAL_CONVERSION = YES;
				CLANG_WARN_OBJC_ROOT_CLASS = YES_ERROR;
				CLANG_WARN_QUOTED_INCLUDE_IN_FRAMEWORK_HEADER = YES;
				CLANG_WARN_RANGE_LOOP_ANALYSIS = YES;
				CLANG_WARN_STRICT_PROTOTYPES = YES;
				CLANG_WARN_SUSPICIOUS_MOVE = YES;
				CLANG_WARN_UNGUARDED_AVAILABILITY = YES_AGGRESSIVE;
				CLANG_WARN_UNREACHABLE_CODE = YES;
				CLANG_WARN__DUPLICATE_METHOD_MATCH = YES;
				COPY_PHASE_STRIP = NO;
				DEBUG_INFORMATION_FORMAT = dwarf;
				ENABLE_STRICT_OBJC_MSGSEND = YES;
				ENABLE_TESTABILITY = YES;
				GCC_C_LANGUAGE_STANDARD = gnu11;
				GCC_DYNAMIC_NO_PIC = NO;
				GCC_NO_COMMON_BLOCKS = YES;
				GCC_OPTIMIZATION_LEVEL = 0;
				GCC_PREPROCESSOR_DEFINITIONS = (
					"DEBUG=1",
					"$(inherited)",
				);
				GCC_WARN_64_TO_32_BIT_CONVERSION = YES;
				GCC_WARN_ABOUT_RETURN_TYPE = YES_ERROR;
				GCC_WARN_UNDECLARED_SELECTOR = YES;
				GCC_WARN_UNINITIALIZED_AUTOS = YES_AGGRESSIVE;
				GCC_WARN_UNUSED_FUNCTION = YES;
				GCC_WARN_UNUSED_VARIABLE = YES;
				IPHONEOS_DEPLOYMENT_TARGET = 15.4;
				MTL_ENABLE_DEBUG_INFO = INCLUDE_SOURCE;
				MTL_FAST_MATH = YES;
				ONLY_ACTIVE_ARCH = YES;
				SDKROOT = iphoneos;
				SWIFT_ACTIVE_COMPILATION_CONDITIONS = DEBUG;
				SWIFT_OPTIMIZATION_LEVEL = "-Onone";
			};
			name = Debug;
		};
		6D87F281280862C900022123 /* Release */ = {
			isa = XCBuildConfiguration;
			buildSettings = {
				ALWAYS_SEARCH_USER_PATHS = NO;
				CLANG_ANALYZER_NONNULL = YES;
				CLANG_ANALYZER_NUMBER_OBJECT_CONVERSION = YES_AGGRESSIVE;
				CLANG_CXX_LANGUAGE_STANDARD = "gnu++17";
				CLANG_ENABLE_MODULES = YES;
				CLANG_ENABLE_OBJC_ARC = YES;
				CLANG_ENABLE_OBJC_WEAK = YES;
				CLANG_WARN_BLOCK_CAPTURE_AUTORELEASING = YES;
				CLANG_WARN_BOOL_CONVERSION = YES;
				CLANG_WARN_COMMA = YES;
				CLANG_WARN_CONSTANT_CONVERSION = YES;
				CLANG_WARN_DEPRECATED_OBJC_IMPLEMENTATIONS = YES;
				CLANG_WARN_DIRECT_OBJC_ISA_USAGE = YES_ERROR;
				CLANG_WARN_DOCUMENTATION_COMMENTS = YES;
				CLANG_WARN_EMPTY_BODY = YES;
				CLANG_WARN_ENUM_CONVERSION = YES;
				CLANG_WARN_INFINITE_RECURSION = YES;
				CLANG_WARN_INT_CONVERSION = YES;
				CLANG_WARN_NON_LITERAL_NULL_CONVERSION = YES;
				CLANG_WARN_OBJC_IMPLICIT_RETAIN_SELF = YES;
				CLANG_WARN_OBJC_LITERAL_CONVERSION = YES;
				CLANG_WARN_OBJC_ROOT_CLASS = YES_ERROR;
				CLANG_WARN_QUOTED_INCLUDE_IN_FRAMEWORK_HEADER = YES;
				CLANG_WARN_RANGE_LOOP_ANALYSIS = YES;
				CLANG_WARN_STRICT_PROTOTYPES = YES;
				CLANG_WARN_SUSPICIOUS_MOVE = YES;
				CLANG_WARN_UNGUARDED_AVAILABILITY = YES_AGGRESSIVE;
				CLANG_WARN_UNREACHABLE_CODE = YES;
				CLANG_WARN__DUPLICATE_METHOD_MATCH = YES;
				COPY_PHASE_STRIP = NO;
				DEBUG_INFORMATION_FORMAT = "dwarf-with-dsym";
				ENABLE_NS_ASSERTIONS = NO;
				ENABLE_STRICT_OBJC_MSGSEND = YES;
				GCC_C_LANGUAGE_STANDARD = gnu11;
				GCC_NO_COMMON_BLOCKS = YES;
				GCC_WARN_64_TO_32_BIT_CONVERSION = YES;
				GCC_WARN_ABOUT_RETURN_TYPE = YES_ERROR;
				GCC_WARN_UNDECLARED_SELECTOR = YES;
				GCC_WARN_UNINITIALIZED_AUTOS = YES_AGGRESSIVE;
				GCC_WARN_UNUSED_FUNCTION = YES;
				GCC_WARN_UNUSED_VARIABLE = YES;
				IPHONEOS_DEPLOYMENT_TARGET = 15.4;
				MTL_ENABLE_DEBUG_INFO = NO;
				MTL_FAST_MATH = YES;
				SDKROOT = iphoneos;
				SWIFT_COMPILATION_MODE = wholemodule;
				SWIFT_OPTIMIZATION_LEVEL = "-O";
				VALIDATE_PRODUCT = YES;
			};
			name = Release;
		};
		6D87F283280862C900022123 /* Debug */ = {
			isa = XCBuildConfiguration;
			baseConfigurationReference = E1FF9924E70D9B8711F12381 /* Pods-profile-acc.debug.xcconfig */;
			buildSettings = {
				ASSETCATALOG_COMPILER_APPICON_NAME = AppIcon;
				ASSETCATALOG_COMPILER_GLOBAL_ACCENT_COLOR_NAME = AccentColor;
				CODE_SIGN_STYLE = Automatic;
				CURRENT_PROJECT_VERSION = 1;
				GENERATE_INFOPLIST_FILE = YES;
				INFOPLIST_FILE = "profile-acc/Info.plist";
				INFOPLIST_KEY_UIApplicationSupportsIndirectInputEvents = YES;
				INFOPLIST_KEY_UILaunchStoryboardName = LaunchScreen;
				INFOPLIST_KEY_UISupportedInterfaceOrientations_iPad = "UIInterfaceOrientationPortrait UIInterfaceOrientationPortraitUpsideDown UIInterfaceOrientationLandscapeLeft UIInterfaceOrientationLandscapeRight";
				INFOPLIST_KEY_UISupportedInterfaceOrientations_iPhone = "UIInterfaceOrientationPortrait UIInterfaceOrientationLandscapeLeft UIInterfaceOrientationLandscapeRight";
				LD_RUNPATH_SEARCH_PATHS = (
					"$(inherited)",
					"@executable_path/Frameworks",
				);
				MARKETING_VERSION = 1.0;
				PRODUCT_BUNDLE_IDENTIFIER = "lab-one.profile-acc";
				PRODUCT_NAME = "$(TARGET_NAME)";
				SWIFT_EMIT_LOC_STRINGS = YES;
				SWIFT_VERSION = 5.0;
				TARGETED_DEVICE_FAMILY = "1,2";
			};
			name = Debug;
		};
		6D87F284280862C900022123 /* Release */ = {
			isa = XCBuildConfiguration;
			baseConfigurationReference = C3DA31508B4F5ACCAE3EFFDE /* Pods-profile-acc.release.xcconfig */;
			buildSettings = {
				ASSETCATALOG_COMPILER_APPICON_NAME = AppIcon;
				ASSETCATALOG_COMPILER_GLOBAL_ACCENT_COLOR_NAME = AccentColor;
				CODE_SIGN_STYLE = Automatic;
				CURRENT_PROJECT_VERSION = 1;
				GENERATE_INFOPLIST_FILE = YES;
				INFOPLIST_FILE = "profile-acc/Info.plist";
				INFOPLIST_KEY_UIApplicationSupportsIndirectInputEvents = YES;
				INFOPLIST_KEY_UILaunchStoryboardName = LaunchScreen;
				INFOPLIST_KEY_UISupportedInterfaceOrientations_iPad = "UIInterfaceOrientationPortrait UIInterfaceOrientationPortraitUpsideDown UIInterfaceOrientationLandscapeLeft UIInterfaceOrientationLandscapeRight";
				INFOPLIST_KEY_UISupportedInterfaceOrientations_iPhone = "UIInterfaceOrientationPortrait UIInterfaceOrientationLandscapeLeft UIInterfaceOrientationLandscapeRight";
				LD_RUNPATH_SEARCH_PATHS = (
					"$(inherited)",
					"@executable_path/Frameworks",
				);
				MARKETING_VERSION = 1.0;
				PRODUCT_BUNDLE_IDENTIFIER = "lab-one.profile-acc";
				PRODUCT_NAME = "$(TARGET_NAME)";
				SWIFT_EMIT_LOC_STRINGS = YES;
				SWIFT_VERSION = 5.0;
				TARGETED_DEVICE_FAMILY = "1,2";
			};
			name = Release;
		};
/* End XCBuildConfiguration section */

/* Begin XCConfigurationList section */
		6D87F269280862C400022123 /* Build configuration list for PBXProject "profile-acc" */ = {
			isa = XCConfigurationList;
			buildConfigurations = (
				6D87F280280862C900022123 /* Debug */,
				6D87F281280862C900022123 /* Release */,
			);
			defaultConfigurationIsVisible = 0;
			defaultConfigurationName = Release;
		};
		6D87F282280862C900022123 /* Build configuration list for PBXNativeTarget "profile-acc" */ = {
			isa = XCConfigurationList;
			buildConfigurations = (
				6D87F283280862C900022123 /* Debug */,
				6D87F284280862C900022123 /* Release */,
			);
			defaultConfigurationIsVisible = 0;
			defaultConfigurationName = Release;
		};
/* End XCConfigurationList section */
	};
	rootObject = 6D87F266280862C400022123 /* Project object */;
}
